{
  "name": "dl-vue3-cli",
  "version": "1.0.5",
  "lockfileVersion": 2,
  "requires": true,
  "packages": {
    "": {
      "version": "1.0.5",
      "license": "ISC",
      "dependencies": {
        "commander": "^8.1.0",
        "git-clone": "^0.1.0",
        "open": "^8.2.1",
        "shelljs": "^0.8.4"
      },
      "bin": {
        "dl-vue3-cli": "index.js"
      }
    },
    "node_modules/_balanced-match@1.0.2@balanced-match": {
      "name": "balanced-match",
      "version": "1.0.2",
      "license": "MIT"
    },
    "node_modules/_brace-expansion@1.1.11@brace-expansion": {
      "name": "brace-expansion",
      "version": "1.1.11",
      "license": "MIT",
      "dependencies": {
        "balanced-match": "^1.0.0",
        "concat-map": "0.0.1"
      }
    },
    "node_modules/_brace-expansion@1.1.11@brace-expansion/node_modules/balanced-match": {
      "resolved": "node_modules/_balanced-match@1.0.2@balanced-match",
      "link": true
    },
    "node_modules/_brace-expansion@1.1.11@brace-expansion/node_modules/concat-map": {
      "resolved": "node_modules/_concat-map@0.0.1@concat-map",
      "link": true
    },
    "node_modules/_commander@8.1.0@commander": {
      "name": "commander",
      "version": "8.1.0",
      "license": "MIT",
      "engines": {
        "node": ">= 12"
      }
    },
    "node_modules/_concat-map@0.0.1@concat-map": {
      "name": "concat-map",
      "version": "0.0.1",
      "license": "MIT"
    },
    "node_modules/_define-lazy-prop@2.0.0@define-lazy-prop": {
      "name": "define-lazy-prop",
      "version": "2.0.0",
      "license": "MIT",
      "engines": {
        "node": ">=8"
      }
    },
    "node_modules/_fs.realpath@1.0.0@fs.realpath": {
      "name": "fs.realpath",
      "version": "1.0.0",
      "license": "ISC"
    },
    "node_modules/_function-bind@1.1.1@function-bind": {
      "name": "function-bind",
      "version": "1.1.1",
      "license": "MIT"
    },
    "node_modules/_git-clone@0.1.0@git-clone": {
      "name": "git-clone",
      "version": "0.1.0",
      "license": "ISC"
    },
    "node_modules/_glob@7.1.7@glob": {
      "name": "glob",
      "version": "7.1.7",
      "license": "ISC",
      "dependencies": {
        "fs.realpath": "^1.0.0",
        "inflight": "^1.0.4",
        "inherits": "2",
        "minimatch": "^3.0.4",
        "once": "^1.3.0",
        "path-is-absolute": "^1.0.0"
      },
      "engines": {
        "node": "*"
      },
      "funding": {
        "url": "https://github.com/sponsors/isaacs"
      }
    },
    "node_modules/_glob@7.1.7@glob/node_modules/fs.realpath": {
      "resolved": "node_modules/_fs.realpath@1.0.0@fs.realpath",
      "link": true
    },
    "node_modules/_glob@7.1.7@glob/node_modules/inflight": {
      "resolved": "node_modules/_inflight@1.0.6@inflight",
      "link": true
    },
    "node_modules/_glob@7.1.7@glob/node_modules/inherits": {
      "resolved": "node_modules/_inherits@2.0.4@inherits",
      "link": true
    },
    "node_modules/_glob@7.1.7@glob/node_modules/minimatch": {
      "resolved": "node_modules/_minimatch@3.0.4@minimatch",
      "link": true
    },
    "node_modules/_glob@7.1.7@glob/node_modules/once": {
      "resolved": "node_modules/_once@1.4.0@once",
      "link": true
    },
    "node_modules/_glob@7.1.7@glob/node_modules/path-is-absolute": {
      "resolved": "node_modules/_path-is-absolute@1.0.1@path-is-absolute",
      "link": true
    },
    "node_modules/_has@1.0.3@has": {
      "name": "has",
      "version": "1.0.3",
      "license": "MIT",
      "dependencies": {
        "function-bind": "^1.1.1"
      },
      "engines": {
        "node": ">= 0.4.0"
      }
    },
    "node_modules/_has@1.0.3@has/node_modules/function-bind": {
      "resolved": "node_modules/_function-bind@1.1.1@function-bind",
      "link": true
    },
    "node_modules/_inflight@1.0.6@inflight": {
      "name": "inflight",
      "version": "1.0.6",
      "license": "ISC",
      "dependencies": {
        "once": "^1.3.0",
        "wrappy": "1"
      }
    },
    "node_modules/_inflight@1.0.6@inflight/node_modules/once": {
      "resolved": "node_modules/_once@1.4.0@once",
      "link": true
    },
    "node_modules/_inflight@1.0.6@inflight/node_modules/wrappy": {
      "resolved": "node_modules/_wrappy@1.0.2@wrappy",
      "link": true
    },
    "node_modules/_inherits@2.0.4@inherits": {
      "name": "inherits",
      "version": "2.0.4",
      "license": "ISC"
    },
    "node_modules/_interpret@1.4.0@interpret": {
      "name": "interpret",
      "version": "1.4.0",
      "license": "MIT",
      "engines": {
        "node": ">= 0.10"
      }
    },
    "node_modules/_is-core-module@2.6.0@is-core-module": {
      "name": "is-core-module",
      "version": "2.6.0",
      "license": "MIT",
      "dependencies": {
        "has": "^1.0.3"
      },
      "funding": {
        "url": "https://github.com/sponsors/ljharb"
      }
    },
    "node_modules/_is-core-module@2.6.0@is-core-module/node_modules/has": {
      "resolved": "node_modules/_has@1.0.3@has",
      "link": true
    },
    "node_modules/_is-docker@2.2.1@is-docker": {
      "name": "is-docker",
      "version": "2.2.1",
      "license": "MIT",
      "bin": {
        "is-docker": "cli.js"
      },
      "engines": {
        "node": ">=8"
      },
      "funding": {
        "url": "https://github.com/sponsors/sindresorhus"
      }
    },
    "node_modules/_is-wsl@2.2.0@is-wsl": {
      "name": "is-wsl",
      "version": "2.2.0",
      "license": "MIT",
      "dependencies": {
        "is-docker": "^2.0.0"
      },
      "engines": {
        "node": ">=8"
      }
    },
    "node_modules/_is-wsl@2.2.0@is-wsl/node_modules/is-docker": {
      "resolved": "node_modules/_is-docker@2.2.1@is-docker",
      "link": true
    },
    "node_modules/_minimatch@3.0.4@minimatch": {
      "name": "minimatch",
      "version": "3.0.4",
      "license": "ISC",
      "dependencies": {
        "brace-expansion": "^1.1.7"
      },
      "engines": {
        "node": "*"
      }
    },
    "node_modules/_minimatch@3.0.4@minimatch/node_modules/brace-expansion": {
      "resolved": "node_modules/_brace-expansion@1.1.11@brace-expansion",
      "link": true
    },
    "node_modules/_once@1.4.0@once": {
      "name": "once",
      "version": "1.4.0",
      "license": "ISC",
      "dependencies": {
        "wrappy": "1"
      }
    },
    "node_modules/_once@1.4.0@once/node_modules/wrappy": {
      "resolved": "node_modules/_wrappy@1.0.2@wrappy",
      "link": true
    },
    "node_modules/_open@8.2.1@open": {
      "name": "open",
      "version": "8.2.1",
      "license": "MIT",
      "dependencies": {
        "define-lazy-prop": "^2.0.0",
        "is-docker": "^2.1.1",
        "is-wsl": "^2.2.0"
      },
      "engines": {
        "node": ">=12"
      },
      "funding": {
        "url": "https://github.com/sponsors/sindresorhus"
      }
    },
    "node_modules/_open@8.2.1@open/node_modules/define-lazy-prop": {
      "resolved": "node_modules/_define-lazy-prop@2.0.0@define-lazy-prop",
      "link": true
    },
    "node_modules/_open@8.2.1@open/node_modules/is-docker": {
      "resolved": "node_modules/_is-docker@2.2.1@is-docker",
      "link": true
    },
    "node_modules/_open@8.2.1@open/node_modules/is-wsl": {
      "resolved": "node_modules/_is-wsl@2.2.0@is-wsl",
      "link": true
    },
    "node_modules/_path-is-absolute@1.0.1@path-is-absolute": {
      "name": "path-is-absolute",
      "version": "1.0.1",
      "license": "MIT",
      "engines": {
        "node": ">=0.10.0"
      }
    },
    "node_modules/_path-parse@1.0.7@path-parse": {
      "name": "path-parse",
      "version": "1.0.7",
      "license": "MIT"
    },
    "node_modules/_rechoir@0.6.2@rechoir": {
      "name": "rechoir",
      "version": "0.6.2",
      "dependencies": {
        "resolve": "^1.1.6"
      },
      "engines": {
        "node": ">= 0.10"
      }
    },
    "node_modules/_rechoir@0.6.2@rechoir/node_modules/resolve": {
      "resolved": "node_modules/_resolve@1.20.0@resolve",
      "link": true
    },
    "node_modules/_resolve@1.20.0@resolve": {
      "name": "resolve",
      "version": "1.20.0",
      "license": "MIT",
      "dependencies": {
        "is-core-module": "^2.2.0",
        "path-parse": "^1.0.6"
      },
      "funding": {
        "url": "https://github.com/sponsors/ljharb"
      }
    },
    "node_modules/_resolve@1.20.0@resolve/node_modules/is-core-module": {
      "resolved": "node_modules/_is-core-module@2.6.0@is-core-module",
      "link": true
    },
    "node_modules/_resolve@1.20.0@resolve/node_modules/path-parse": {
      "resolved": "node_modules/_path-parse@1.0.7@path-parse",
      "link": true
    },
    "node_modules/_shelljs@0.8.4@shelljs": {
      "name": "shelljs",
      "version": "0.8.4",
      "license": "BSD-3-Clause",
      "dependencies": {
        "glob": "^7.0.0",
        "interpret": "^1.0.0",
        "rechoir": "^0.6.2"
      },
      "bin": {
        "shjs": "bin/shjs"
      },
      "engines": {
        "node": ">=4"
      }
    },
    "node_modules/_shelljs@0.8.4@shelljs/node_modules/glob": {
      "resolved": "node_modules/_glob@7.1.7@glob",
      "link": true
    },
    "node_modules/_shelljs@0.8.4@shelljs/node_modules/interpret": {
      "resolved": "node_modules/_interpret@1.4.0@interpret",
      "link": true
    },
    "node_modules/_shelljs@0.8.4@shelljs/node_modules/rechoir": {
      "resolved": "node_modules/_rechoir@0.6.2@rechoir",
      "link": true
    },
    "node_modules/_wrappy@1.0.2@wrappy": {
      "name": "wrappy",
      "version": "1.0.2",
      "license": "ISC"
    },
    "node_modules/commander": {
      "resolved": "node_modules/_commander@8.1.0@commander",
      "link": true
    },
    "node_modules/git-clone": {
      "resolved": "node_modules/_git-clone@0.1.0@git-clone",
      "link": true
    },
    "node_modules/open": {
      "resolved": "node_modules/_open@8.2.1@open",
      "link": true
    },
    "node_modules/shelljs": {
      "resolved": "node_modules/_shelljs@0.8.4@shelljs",
      "link": true
    }
  },
  "dependencies": {
    "_balanced-match@1.0.2@balanced-match": {
      "version": "npm:balanced-match@1.0.2"
    },
    "_brace-expansion@1.1.11@brace-expansion": {
      "version": "npm:brace-expansion@1.1.11",
      "requires": {
        "balanced-match": "^1.0.0",
        "concat-map": "0.0.1"
      },
      "dependencies": {
        "balanced-match": {
          "version": "file:node_modules/_balanced-match@1.0.2@balanced-match"
        },
        "concat-map": {
          "version": "file:node_modules/_concat-map@0.0.1@concat-map"
        }
      }
    },
    "_commander@8.1.0@commander": {
      "version": "npm:commander@8.1.0"
    },
    "_concat-map@0.0.1@concat-map": {
      "version": "npm:concat-map@0.0.1"
    },
    "_define-lazy-prop@2.0.0@define-lazy-prop": {
      "version": "npm:define-lazy-prop@2.0.0"
    },
    "_fs.realpath@1.0.0@fs.realpath": {
      "version": "npm:fs.realpath@1.0.0"
    },
    "_function-bind@1.1.1@function-bind": {
      "version": "npm:function-bind@1.1.1"
    },
    "_git-clone@0.1.0@git-clone": {
      "version": "npm:git-clone@0.1.0"
    },
    "_glob@7.1.7@glob": {
      "version": "npm:glob@7.1.7",
      "requires": {
        "fs.realpath": "^1.0.0",
        "inflight": "^1.0.4",
        "inherits": "2",
        "minimatch": "^3.0.4",
        "once": "^1.3.0",
        "path-is-absolute": "^1.0.0"
      },
      "dependencies": {
        "fs.realpath": {
          "version": "file:node_modules/_fs.realpath@1.0.0@fs.realpath"
        },
        "inflight": {
          "version": "file:node_modules/_inflight@1.0.6@inflight",
          "requires": {
            "once": "^1.3.0",
            "wrappy": "1"
          },
          "dependencies": {
            "once": {
              "version": "file:node_modules/_once@1.4.0@once",
              "requires": {
                "wrappy": "1"
              },
              "dependencies": {
                "wrappy": {
                  "version": "file:node_modules/_wrappy@1.0.2@wrappy"
                }
              }
            },
            "wrappy": {
              "version": "file:node_modules/_wrappy@1.0.2@wrappy"
            }
          }
        },
        "inherits": {
          "version": "file:node_modules/_inherits@2.0.4@inherits"
        },
        "minimatch": {
          "version": "file:node_modules/_minimatch@3.0.4@minimatch",
          "requires": {
            "brace-expansion": "^1.1.7"
          },
          "dependencies": {
            "brace-expansion": {
              "version": "file:node_modules/_brace-expansion@1.1.11@brace-expansion",
              "requires": {
                "balanced-match": "^1.0.0",
                "concat-map": "0.0.1"
              },
              "dependencies": {
                "balanced-match": {
                  "version": "file:node_modules/_balanced-match@1.0.2@balanced-match"
                },
                "concat-map": {
                  "version": "file:node_modules/_concat-map@0.0.1@concat-map"
                }
              }
            }
          }
        },
        "once": {
          "version": "file:node_modules/_once@1.4.0@once",
          "requires": {
            "wrappy": "1"
          },
          "dependencies": {
            "wrappy": {
              "version": "file:node_modules/_wrappy@1.0.2@wrappy"
            }
          }
        },
        "path-is-absolute": {
          "version": "file:node_modules/_path-is-absolute@1.0.1@path-is-absolute"
        }
      }
    },
    "_has@1.0.3@has": {
      "version": "npm:has@1.0.3",
      "requires": {
        "function-bind": "^1.1.1"
      },
      "dependencies": {
        "function-bind": {
          "version": "file:node_modules/_function-bind@1.1.1@function-bind"
        }
      }
    },
    "_inflight@1.0.6@inflight": {
      "version": "npm:inflight@1.0.6",
      "requires": {
        "once": "^1.3.0",
        "wrappy": "1"
      },
      "dependencies": {
        "once": {
          "version": "file:node_modules/_once@1.4.0@once",
          "requires": {
            "wrappy": "1"
          },
          "dependencies": {
            "wrappy": {
              "version": "file:node_modules/_wrappy@1.0.2@wrappy"
            }
          }
        },
        "wrappy": {
          "version": "file:node_modules/_wrappy@1.0.2@wrappy"
        }
      }
    },
    "_inherits@2.0.4@inherits": {
      "version": "npm:inherits@2.0.4"
    },
    "_interpret@1.4.0@interpret": {
      "version": "npm:interpret@1.4.0"
    },
    "_is-core-module@2.6.0@is-core-module": {
      "version": "npm:is-core-module@2.6.0",
      "requires": {
        "has": "^1.0.3"
      },
      "dependencies": {
        "has": {
          "version": "file:node_modules/_has@1.0.3@has",
          "requires": {
            "function-bind": "^1.1.1"
          },
          "dependencies": {
            "function-bind": {
              "version": "file:node_modules/_function-bind@1.1.1@function-bind"
            }
          }
        }
      }
    },
    "_is-docker@2.2.1@is-docker": {
      "version": "npm:is-docker@2.2.1"
    },
    "_is-wsl@2.2.0@is-wsl": {
      "version": "npm:is-wsl@2.2.0",
      "requires": {
        "is-docker": "^2.0.0"
      },
      "dependencies": {
        "is-docker": {
          "version": "file:node_modules/_is-docker@2.2.1@is-docker"
        }
      }
    },
    "_minimatch@3.0.4@minimatch": {
      "version": "npm:minimatch@3.0.4",
      "requires": {
        "brace-expansion": "^1.1.7"
      },
      "dependencies": {
        "brace-expansion": {
          "version": "file:node_modules/_brace-expansion@1.1.11@brace-expansion",
          "requires": {
            "balanced-match": "^1.0.0",
            "concat-map": "0.0.1"
          },
          "dependencies": {
            "balanced-match": {
              "version": "file:node_modules/_balanced-match@1.0.2@balanced-match"
            },
            "concat-map": {
              "version": "file:node_modules/_concat-map@0.0.1@concat-map"
            }
          }
        }
      }
    },
    "_once@1.4.0@once": {
      "version": "npm:once@1.4.0",
      "requires": {
        "wrappy": "1"
      },
      "dependencies": {
        "wrappy": {
          "version": "file:node_modules/_wrappy@1.0.2@wrappy"
        }
      }
    },
    "_open@8.2.1@open": {
      "version": "npm:open@8.2.1",
      "requires": {
        "define-lazy-prop": "^2.0.0",
        "is-docker": "^2.1.1",
        "is-wsl": "^2.2.0"
      },
      "dependencies": {
        "define-lazy-prop": {
          "version": "file:node_modules/_define-lazy-prop@2.0.0@define-lazy-prop"
        },
        "is-docker": {
          "version": "file:node_modules/_is-docker@2.2.1@is-docker"
        },
        "is-wsl": {
          "version": "file:node_modules/_is-wsl@2.2.0@is-wsl",
          "requires": {
            "is-docker": "^2.0.0"
          },
          "dependencies": {
            "is-docker": {
              "version": "file:node_modules/_is-docker@2.2.1@is-docker"
            }
          }
        }
      }
    },
    "_path-is-absolute@1.0.1@path-is-absolute": {
      "version": "npm:path-is-absolute@1.0.1"
    },
    "_path-parse@1.0.7@path-parse": {
      "version": "npm:path-parse@1.0.7"
    },
    "_rechoir@0.6.2@rechoir": {
      "version": "npm:rechoir@0.6.2",
      "requires": {
        "resolve": "^1.1.6"
      },
      "dependencies": {
        "resolve": {
          "version": "file:node_modules/_resolve@1.20.0@resolve",
          "requires": {
            "is-core-module": "^2.2.0",
            "path-parse": "^1.0.6"
          },
          "dependencies": {
            "is-core-module": {
              "version": "file:node_modules/_is-core-module@2.6.0@is-core-module",
              "requires": {
                "has": "^1.0.3"
              },
              "dependencies": {
                "has": {
                  "version": "file:node_modules/_has@1.0.3@has",
                  "requires": {
                    "function-bind": "^1.1.1"
                  },
                  "dependencies": {
                    "function-bind": {
                      "version": "file:node_modules/_function-bind@1.1.1@function-bind"
                    }
                  }
                }
              }
            },
            "path-parse": {
              "version": "file:node_modules/_path-parse@1.0.7@path-parse"
            }
          }
        }
      }
    },
    "_resolve@1.20.0@resolve": {
      "version": "npm:resolve@1.20.0",
      "requires": {
        "is-core-module": "^2.2.0",
        "path-parse": "^1.0.6"
      },
      "dependencies": {
        "is-core-module": {
          "version": "file:node_modules/_is-core-module@2.6.0@is-core-module",
          "requires": {
            "has": "^1.0.3"
          },
          "dependencies": {
            "has": {
              "version": "file:node_modules/_has@1.0.3@has",
              "requires": {
                "function-bind": "^1.1.1"
              },
              "dependencies": {
                "function-bind": {
                  "version": "file:node_modules/_function-bind@1.1.1@function-bind"
                }
              }
            }
          }
        },
        "path-parse": {
          "version": "file:node_modules/_path-parse@1.0.7@path-parse"
        }
      }
    },
    "_shelljs@0.8.4@shelljs": {
      "version": "npm:shelljs@0.8.4",
      "requires": {
        "glob": "^7.0.0",
        "interpret": "^1.0.0",
        "rechoir": "^0.6.2"
      },
      "dependencies": {
        "glob": {
          "version": "file:node_modules/_glob@7.1.7@glob",
          "requires": {
            "fs.realpath": "^1.0.0",
            "inflight": "^1.0.4",
            "inherits": "2",
            "minimatch": "^3.0.4",
            "once": "^1.3.0",
            "path-is-absolute": "^1.0.0"
          },
          "dependencies": {
            "fs.realpath": {
              "version": "file:node_modules/_fs.realpath@1.0.0@fs.realpath"
            },
            "inflight": {
              "version": "file:node_modules/_inflight@1.0.6@inflight",
              "requires": {
                "once": "^1.3.0",
                "wrappy": "1"
              },
              "dependencies": {
                "once": {
                  "version": "file:node_modules/_once@1.4.0@once",
                  "requires": {
                    "wrappy": "1"
                  },
                  "dependencies": {
                    "wrappy": {
                      "version": "file:node_modules/_wrappy@1.0.2@wrappy"
                    }
                  }
                },
                "wrappy": {
                  "version": "file:node_modules/_wrappy@1.0.2@wrappy"
                }
              }
            },
            "inherits": {
              "version": "file:node_modules/_inherits@2.0.4@inherits"
            },
            "minimatch": {
              "version": "file:node_modules/_minimatch@3.0.4@minimatch",
              "requires": {
                "brace-expansion": "^1.1.7"
              },
              "dependencies": {
                "brace-expansion": {
                  "version": "file:node_modules/_brace-expansion@1.1.11@brace-expansion",
                  "requires": {
                    "balanced-match": "^1.0.0",
                    "concat-map": "0.0.1"
                  },
                  "dependencies": {
                    "balanced-match": {
                      "version": "file:node_modules/_balanced-match@1.0.2@balanced-match"
                    },
                    "concat-map": {
                      "version": "file:node_modules/_concat-map@0.0.1@concat-map"
                    }
                  }
                }
              }
            },
            "once": {
              "version": "file:node_modules/_once@1.4.0@once",
              "requires": {
                "wrappy": "1"
              },
              "dependencies": {
                "wrappy": {
                  "version": "file:node_modules/_wrappy@1.0.2@wrappy"
                }
              }
            },
            "path-is-absolute": {
              "version": "file:node_modules/_path-is-absolute@1.0.1@path-is-absolute"
            }
          }
        },
        "interpret": {
          "version": "file:node_modules/_interpret@1.4.0@interpret"
        },
        "rechoir": {
          "version": "file:node_modules/_rechoir@0.6.2@rechoir",
          "requires": {
            "resolve": "^1.1.6"
          },
          "dependencies": {
            "resolve": {
              "version": "file:node_modules/_resolve@1.20.0@resolve",
              "requires": {
                "is-core-module": "^2.2.0",
                "path-parse": "^1.0.6"
              },
              "dependencies": {
                "is-core-module": {
                  "version": "file:node_modules/_is-core-module@2.6.0@is-core-module",
                  "requires": {
                    "has": "^1.0.3"
                  },
                  "dependencies": {
                    "has": {
                      "version": "file:node_modules/_has@1.0.3@has",
                      "requires": {
                        "function-bind": "^1.1.1"
                      },
                      "dependencies": {
                        "function-bind": {
                          "version": "file:node_modules/_function-bind@1.1.1@function-bind"
                        }
                      }
                    }
                  }
                },
                "path-parse": {
                  "version": "file:node_modules/_path-parse@1.0.7@path-parse"
                }
              }
            }
          }
        }
      }
    },
    "_wrappy@1.0.2@wrappy": {
      "version": "npm:wrappy@1.0.2"
    },
    "commander": {
      "version": "file:node_modules/_commander@8.1.0@commander"
    },
    "git-clone": {
      "version": "file:node_modules/_git-clone@0.1.0@git-clone"
    },
    "open": {
      "version": "file:node_modules/_open@8.2.1@open",
      "requires": {
        "define-lazy-prop": "^2.0.0",
        "is-docker": "^2.1.1",
        "is-wsl": "^2.2.0"
      },
      "dependencies": {
        "define-lazy-prop": {
          "version": "file:node_modules/_define-lazy-prop@2.0.0@define-lazy-prop"
        },
        "is-docker": {
          "version": "file:node_modules/_is-docker@2.2.1@is-docker"
        },
        "is-wsl": {
          "version": "file:node_modules/_is-wsl@2.2.0@is-wsl",
          "requires": {
            "is-docker": "^2.0.0"
          },
          "dependencies": {
            "is-docker": {
              "version": "file:node_modules/_is-docker@2.2.1@is-docker"
            }
          }
        }
      }
    },
    "shelljs": {
      "version": "file:node_modules/_shelljs@0.8.4@shelljs",
      "requires": {
        "glob": "^7.0.0",
        "interpret": "^1.0.0",
        "rechoir": "^0.6.2"
      },
      "dependencies": {
        "glob": {
          "version": "file:node_modules/_glob@7.1.7@glob",
          "requires": {
            "fs.realpath": "^1.0.0",
            "inflight": "^1.0.4",
            "inherits": "2",
            "minimatch": "^3.0.4",
            "once": "^1.3.0",
            "path-is-absolute": "^1.0.0"
          },
          "dependencies": {
            "fs.realpath": {
              "version": "file:node_modules/_fs.realpath@1.0.0@fs.realpath"
            },
            "inflight": {
              "version": "file:node_modules/_inflight@1.0.6@inflight",
              "requires": {
                "once": "^1.3.0",
                "wrappy": "1"
              },
              "dependencies": {
                "once": {
                  "version": "file:node_modules/_once@1.4.0@once",
                  "requires": {
                    "wrappy": "1"
                  },
                  "dependencies": {
                    "wrappy": {
                      "version": "file:node_modules/_wrappy@1.0.2@wrappy"
                    }
                  }
                },
                "wrappy": {
                  "version": "file:node_modules/_wrappy@1.0.2@wrappy"
                }
              }
            },
            "inherits": {
              "version": "file:node_modules/_inherits@2.0.4@inherits"
            },
            "minimatch": {
              "version": "file:node_modules/_minimatch@3.0.4@minimatch",
              "requires": {
                "brace-expansion": "^1.1.7"
              },
              "dependencies": {
                "brace-expansion": {
                  "version": "file:node_modules/_brace-expansion@1.1.11@brace-expansion",
                  "requires": {
                    "balanced-match": "^1.0.0",
                    "concat-map": "0.0.1"
                  },
                  "dependencies": {
                    "balanced-match": {
                      "version": "file:node_modules/_balanced-match@1.0.2@balanced-match"
                    },
                    "concat-map": {
                      "version": "file:node_modules/_concat-map@0.0.1@concat-map"
                    }
                  }
                }
              }
            },
            "once": {
              "version": "file:node_modules/_once@1.4.0@once",
              "requires": {
                "wrappy": "1"
              },
              "dependencies": {
                "wrappy": {
                  "version": "file:node_modules/_wrappy@1.0.2@wrappy"
                }
              }
            },
            "path-is-absolute": {
              "version": "file:node_modules/_path-is-absolute@1.0.1@path-is-absolute"
            }
          }
        },
        "interpret": {
          "version": "file:node_modules/_interpret@1.4.0@interpret"
        },
        "rechoir": {
          "version": "file:node_modules/_rechoir@0.6.2@rechoir",
          "requires": {
            "resolve": "^1.1.6"
          },
          "dependencies": {
            "resolve": {
              "version": "file:node_modules/_resolve@1.20.0@resolve",
              "requires": {
                "is-core-module": "^2.2.0",
                "path-parse": "^1.0.6"
              },
              "dependencies": {
                "is-core-module": {
                  "version": "file:node_modules/_is-core-module@2.6.0@is-core-module",
                  "requires": {
                    "has": "^1.0.3"
                  },
                  "dependencies": {
                    "has": {
                      "version": "file:node_modules/_has@1.0.3@has",
                      "requires": {
                        "function-bind": "^1.1.1"
                      },
                      "dependencies": {
                        "function-bind": {
                          "version": "file:node_modules/_function-bind@1.1.1@function-bind"
                        }
                      }
                    }
                  }
                },
                "path-parse": {
                  "version": "file:node_modules/_path-parse@1.0.7@path-parse"
                }
              }
            }
          }
        }
      }
    }
  }
}
